
Microsoft Visual Studio Solution File, Format Version 12.00
# Visual Studio Version 17
VisualStudioVersion = 17.9.34310.174
MinimumVisualStudioVersion = 10.0.40219.1
Project("{FAE04EC0-301F-11D3-BF4B-00C04F79EFBC}") = "FilmProMan-Server", "FilmProMan-Server\FilmProMan-Server.csproj", "{EF4EFFA1-331D-4856-B8F6-783585EC6706}"
EndProject
Global
	GlobalSection(SolutionConfigurationPlatforms) = preSolution
		Debug|Any CPU = Debug|Any CPU
		Release|Any CPU = Release|Any CPU
	EndGlobalSection
	GlobalSection(ProjectConfigurationPlatforms) = postSolution
		{EF4EFFA1-331D-4856-B8F6-783585EC6706}.Debug|Any CPU.ActiveCfg = Debug|Any CPU
		{EF4EFFA1-331D-4856-B8F6-783585EC6706}.Debug|Any CPU.Build.0 = Debug|Any CPU
		{EF4EFFA1-331D-4856-B8F6-783585EC6706}.Release|Any CPU.ActiveCfg = Release|Any CPU
		{EF4EFFA1-331D-4856-B8F6-783585EC6706}.Release|Any CPU.Build.0 = Release|Any CPU
	EndGlobalSection
	GlobalSection(SolutionProperties) = preSolution
		HideSolutionNode = FALSE
	EndGlobalSection
	GlobalSection(ExtensibilityGlobals) = postSolution
		SolutionGuid = {212E9D03-20AC-406C-8339-5AA40CC0508C}
	EndGlobalSection
EndGlobal
